// !$*UTF8*$!
{
	archiveVersion = 1;
	classes = {
	};
	objectVersion = 50;
	objects = {

/* Begin PBXBuildFile section */
		7DAA639C212603E900BA582F /* AppDelegate.m in Sources */ = {isa = PBXBuildFile; fileRef = 7DAA639B212603E900BA582F /* AppDelegate.m */; };
		7DAA639F212603EA00BA582F /* ViewController.m in Sources */ = {isa = PBXBuildFile; fileRef = 7DAA639E212603EA00BA582F /* ViewController.m */; };
		7DAA63A2212603EA00BA582F /* Main.storyboard in Resources */ = {isa = PBXBuildFile; fileRef = 7DAA63A0212603EA00BA582F /* Main.storyboard */; };
		7DAA63A4212603EA00BA582F /* Assets.xcassets in Resources */ = {isa = PBXBuildFile; fileRef = 7DAA63A3212603EA00BA582F /* Assets.xcassets */; };
		7DAA63A7212603EA00BA582F /* LaunchScreen.storyboard in Resources */ = {isa = PBXBuildFile; fileRef = 7DAA63A5212603EA00BA582F /* LaunchScreen.storyboard */; };
		7DAA63AA212603EA00BA582F /* main.m in Sources */ = {isa = PBXBuildFile; fileRef = 7DAA63A9212603EA00BA582F /* main.m */; };
		7DAA63B4212603EA00BA582F /* Github_ReposTests.m in Sources */ = {isa = PBXBuildFile; fileRef = 7DAA63B3212603EA00BA582F /* Github_ReposTests.m */; };
		7DAA63BF212603EA00BA582F /* Github_ReposUITests.m in Sources */ = {isa = PBXBuildFile; fileRef = 7DAA63BE212603EA00BA582F /* Github_ReposUITests.m */; };
/* End PBXBuildFile section */

/* Begin PBXContainerItemProxy section */
		7DAA63B0212603EA00BA582F /* PBXContainerItemProxy */ = {
			isa = PBXContainerItemProxy;
			containerPortal = 7DAA638F212603E900BA582F /* Project object */;
			proxyType = 1;
			remoteGlobalIDString = 7DAA6396212603E900BA582F;
			remoteInfo = "Github Repos";
		};
		7DAA63BB212603EA00BA582F /* PBXContainerItemProxy */ = {
			isa = PBXContainerItemProxy;
			containerPortal = 7DAA638F212603E900BA582F /* Project object */;
			proxyType = 1;
			remoteGlobalIDString = 7DAA6396212603E900BA582F;
			remoteInfo = "Github Repos";
		};
/* End PBXContainerItemProxy section */

/* Begin PBXFileReference section */
		7DAA6397212603E900BA582F /* Github Repos.app */ = {isa = PBXFileReference; explicitFileType = wrapper.application; includeInIndex = 0; path = "Github Repos.app"; sourceTree = BUILT_PRODUCTS_DIR; };
		7DAA639A212603E900BA582F /* AppDelegate.h */ = {isa = PBXFileReference; lastKnownFileType = sourcecode.c.h; path = AppDelegate.h; sourceTree = "<group>"; };
		7DAA639B212603E900BA582F /* AppDelegate.m */ = {isa = PBXFileReference; lastKnownFileType = sourcecode.c.objc; path = AppDelegate.m; sourceTree = "<group>"; };
		7DAA639D212603E900BA582F /* ViewController.h */ = {isa = PBXFileReference; lastKnownFileType = sourcecode.c.h; path = ViewController.h; sourceTree = "<group>"; };
		7DAA639E212603EA00BA582F /* ViewController.m */ = {isa = PBXFileReference; lastKnownFileType = sourcecode.c.objc; path = ViewController.m; sourceTree = "<group>"; };
		7DAA63A1212603EA00BA582F /* Base */ = {isa = PBXFileReference; lastKnownFileType = file.storyboard; name = Base; path = Base.lproj/Main.storyboard; sourceTree = "<group>"; };
		7DAA63A3212603EA00BA582F /* Assets.xcassets */ = {isa = PBXFileReference; lastKnownFileType = folder.assetcatalog; path = Assets.xcassets; sourceTree = "<group>"; };
		7DAA63A6212603EA00BA582F /* Base */ = {isa = PBXFileReference; lastKnownFileType = file.storyboard; name = Base; path = Base.lproj/LaunchScreen.storyboard; sourceTree = "<group>"; };
		7DAA63A8212603EA00BA582F /* Info.plist */ = {isa = PBXFileReference; lastKnownFileType = text.plist.xml; path = Info.plist; sourceTree = "<group>"; };
		7DAA63A9212603EA00BA582F /* main.m */ = {isa = PBXFileReference; lastKnownFileType = sourcecode.c.objc; path = main.m; sourceTree = "<group>"; };
		7DAA63AF212603EA00BA582F /* Github ReposTests.xctest */ = {isa = PBXFileReference; explicitFileType = wrapper.cfbundle; includeInIndex = 0; path = "Github ReposTests.xctest"; sourceTree = BUILT_PRODUCTS_DIR; };
		7DAA63B3212603EA00BA582F /* Github_ReposTests.m */ = {isa = PBXFileReference; lastKnownFileType = sourcecode.c.objc; path = Github_ReposTests.m; sourceTree = "<group>"; };
		7DAA63B5212603EA00BA582F /* Info.plist */ = {isa = PBXFileReference; lastKnownFileType = text.plist.xml; path = Info.plist; sourceTree = "<group>"; };
		7DAA63BA212603EA00BA582F /* Github ReposUITests.xctest */ = {isa = PBXFileReference; explicitFileType = wrapper.cfbundle; includeInIndex = 0; path = "Github ReposUITests.xctest"; sourceTree = BUILT_PRODUCTS_DIR; };
		7DAA63BE212603EA00BA582F /* Github_ReposUITests.m */ = {isa = PBXFileReference; lastKnownFileType = sourcecode.c.objc; path = Github_ReposUITests.m; sourceTree = "<group>"; };
		7DAA63C0212603EA00BA582F /* Info.plist */ = {isa = PBXFileReference; lastKnownFileType = text.plist.xml; path = Info.plist; sourceTree = "<group>"; };
/* End PBXFileReference section */

/* Begin PBXFrameworksBuildPhase section */
		7DAA6394212603E900BA582F /* Frameworks */ = {
			isa = PBXFrameworksBuildPhase;
			buildActionMask = 2147483647;
			files = (
			);
			runOnlyForDeploymentPostprocessing = 0;
		};
		7DAA63AC212603EA00BA582F /* Frameworks */ = {
			isa = PBXFrameworksBuildPhase;
			buildActionMask = 2147483647;
			files = (
			);
			runOnlyForDeploymentPostprocessing = 0;
		};
		7DAA63B7212603EA00BA582F /* Frameworks */ = {
			isa = PBXFrameworksBuildPhase;
			buildActionMask = 2147483647;
			files = (
			);
			runOnlyForDeploymentPostprocessing = 0;
		};
/* End PBXFrameworksBuildPhase section */

/* Begin PBXGroup section */
		7DAA638E212603E900BA582F = {
			isa = PBXGroup;
			children = (
				7DAA6399212603E900BA582F /* Github Repos */,
				7DAA63B2212603EA00BA582F /* Github ReposTests */,
				7DAA63BD212603EA00BA582F /* Github ReposUITests */,
				7DAA6398212603E900BA582F /* Products */,
			);
			sourceTree = "<group>";
		};
		7DAA6398212603E900BA582F /* Products */ = {
			isa = PBXGroup;
			children = (
				7DAA6397212603E900BA582F /* Github Repos.app */,
				7DAA63AF212603EA00BA582F /* Github ReposTests.xctest */,
				7DAA63BA212603EA00BA582F /* Github ReposUITests.xctest */,
			);
			name = Products;
			sourceTree = "<group>";
		};
		7DAA6399212603E900BA582F /* Github Repos */ = {
			isa = PBXGroup;
			children = (
				7DAA63CC2126046A00BA582F /* Controller */,
				7DAA63CD2126049600BA582F /* Storyboards */,
				7DAA63A3212603EA00BA582F /* Assets.xcassets */,
				7DAA63A8212603EA00BA582F /* Info.plist */,
				7DAA63CE212604C500BA582F /* Support Files */,
			);
			path = "Github Repos";
			sourceTree = "<group>";
		};
		7DAA63B2212603EA00BA582F /* Github ReposTests */ = {
			isa = PBXGroup;
			children = (
				7DAA63B3212603EA00BA582F /* Github_ReposTests.m */,
				7DAA63B5212603EA00BA582F /* Info.plist */,
			);
			path = "Github ReposTests";
			sourceTree = "<group>";
		};
		7DAA63BD212603EA00BA582F /* Github ReposUITests */ = {
			isa = PBXGroup;
			children = (
				7DAA63BE212603EA00BA582F /* Github_ReposUITests.m */,
				7DAA63C0212603EA00BA582F /* Info.plist */,
			);
			path = "Github ReposUITests";
			sourceTree = "<group>";
		};
		7DAA63CC2126046A00BA582F /* Controller */ = {
			isa = PBXGroup;
			children = (
				7DAA639D212603E900BA582F /* ViewController.h */,
				7DAA639E212603EA00BA582F /* ViewController.m */,
			);
			path = Controller;
			sourceTree = "<group>";
		};
		7DAA63CD2126049600BA582F /* Storyboards */ = {
			isa = PBXGroup;
			children = (
				7DAA63A0212603EA00BA582F /* Main.storyboard */,
				7DAA63A5212603EA00BA582F /* LaunchScreen.storyboard */,
			);
			path = Storyboards;
			sourceTree = "<group>";
		};
		7DAA63CE212604C500BA582F /* Support Files */ = {
			isa = PBXGroup;
			children = (
				7DAA63A9212603EA00BA582F /* main.m */,
				7DAA639A212603E900BA582F /* AppDelegate.h */,
				7DAA639B212603E900BA582F /* AppDelegate.m */,
			);
			path = "Support Files";
			sourceTree = "<group>";
		};
/* End PBXGroup section */

/* Begin PBXNativeTarget section */
		7DAA6396212603E900BA582F /* Github Repos */ = {
			isa = PBXNativeTarget;
			buildConfigurationList = 7DAA63C3212603EA00BA582F /* Build configuration list for PBXNativeTarget "Github Repos" */;
			buildPhases = (
				7DAA6393212603E900BA582F /* Sources */,
				7DAA6394212603E900BA582F /* Frameworks */,
				7DAA6395212603E900BA582F /* Resources */,
			);
			buildRules = (
			);
			dependencies = (
			);
			name = "Github Repos";
			productName = "Github Repos";
			productReference = 7DAA6397212603E900BA582F /* Github Repos.app */;
			productType = "com.apple.product-type.application";
		};
		7DAA63AE212603EA00BA582F /* Github ReposTests */ = {
			isa = PBXNativeTarget;
			buildConfigurationList = 7DAA63C6212603EA00BA582F /* Build configuration list for PBXNativeTarget "Github ReposTests" */;
			buildPhases = (
				7DAA63AB212603EA00BA582F /* Sources */,
				7DAA63AC212603EA00BA582F /* Frameworks */,
				7DAA63AD212603EA00BA582F /* Resources */,
			);
			buildRules = (
			);
			dependencies = (
				7DAA63B1212603EA00BA582F /* PBXTargetDependency */,
			);
			name = "Github ReposTests";
			productName = "Github ReposTests";
			productReference = 7DAA63AF212603EA00BA582F /* Github ReposTests.xctest */;
			productType = "com.apple.product-type.bundle.unit-test";
		};
		7DAA63B9212603EA00BA582F /* Github ReposUITests */ = {
			isa = PBXNativeTarget;
			buildConfigurationList = 7DAA63C9212603EA00BA582F /* Build configuration list for PBXNativeTarget "Github ReposUITests" */;
			buildPhases = (
				7DAA63B6212603EA00BA582F /* Sources */,
				7DAA63B7212603EA00BA582F /* Frameworks */,
				7DAA63B8212603EA00BA582F /* Resources */,
			);
			buildRules = (
			);
			dependencies = (
				7DAA63BC212603EA00BA582F /* PBXTargetDependency */,
			);
			name = "Github ReposUITests";
			productName = "Github ReposUITests";
			productReference = 7DAA63BA212603EA00BA582F /* Github ReposUITests.xctest */;
			productType = "com.apple.product-type.bundle.ui-testing";
		};
/* End PBXNativeTarget section */

/* Begin PBXProject section */
		7DAA638F212603E900BA582F /* Project object */ = {
			isa = PBXProject;
			attributes = {
				LastUpgradeCheck = 0940;
				ORGANIZATIONNAME = Jamie;
				TargetAttributes = {
					7DAA6396212603E900BA582F = {
						CreatedOnToolsVersion = 9.4.1;
					};
					7DAA63AE212603EA00BA582F = {
						CreatedOnToolsVersion = 9.4.1;
						TestTargetID = 7DAA6396212603E900BA582F;
					};
					7DAA63B9212603EA00BA582F = {
						CreatedOnToolsVersion = 9.4.1;
						TestTargetID = 7DAA6396212603E900BA582F;
					};
				};
			};
			buildConfigurationList = 7DAA6392212603E900BA582F /* Build configuration list for PBXProject "Github Repos" */;
			compatibilityVersion = "Xcode 9.3";
			developmentRegion = en;
			hasScannedForEncodings = 0;
			knownRegions = (
				en,
				Base,
			);
			mainGroup = 7DAA638E212603E900BA582F;
			productRefGroup = 7DAA6398212603E900BA582F /* Products */;
			projectDirPath = "";
			projectRoot = "";
			targets = (
				7DAA6396212603E900BA582F /* Github Repos */,
				7DAA63AE212603EA00BA582F /* Github ReposTests */,
				7DAA63B9212603EA00BA582F /* Github ReposUITests */,
			);
		};
/* End PBXProject section */

/* Begin PBXResourcesBuildPhase section */
		7DAA6395212603E900BA582F /* Resources */ = {
			isa = PBXResourcesBuildPhase;
			buildActionMask = 2147483647;
			files = (
				7DAA63A7212603EA00BA582F /* LaunchScreen.storyboard in Resources */,
				7DAA63A4212603EA00BA582F /* Assets.xcassets in Resources */,
				7DAA63A2212603EA00BA582F /* Main.storyboard in Resources */,
			);
			runOnlyForDeploymentPostprocessing = 0;
		};
		7DAA63AD212603EA00BA582F /* Resources */ = {
			isa = PBXResourcesBuildPhase;
			buildActionMask = 2147483647;
			files = (
			);
			runOnlyForDeploymentPostprocessing = 0;
		};
		7DAA63B8212603EA00BA582F /* Resources */ = {
			isa = PBXResourcesBuildPhase;
			buildActionMask = 2147483647;
			files = (
			);
			runOnlyForDeploymentPostprocessing = 0;
		};
/* End PBXResourcesBuildPhase section */

/* Begin PBXSourcesBuildPhase section */
		7DAA6393212603E900BA582F /* Sources */ = {
			isa = PBXSourcesBuildPhase;
			buildActionMask = 2147483647;
			files = (
				7DAA639F212603EA00BA582F /* ViewController.m in Sources */,
				7DAA63AA212603EA00BA582F /* main.m in Sources */,
				7DAA639C212603E900BA582F /* AppDelegate.m in Sources */,
			);
			runOnlyForDeploymentPostprocessing = 0;
		};
		7DAA63AB212603EA00BA582F /* Sources */ = {
			isa = PBXSourcesBuildPhase;
			buildActionMask = 2147483647;
			files = (
				7DAA63B4212603EA00BA582F /* Github_ReposTests.m in Sources */,
			);
			runOnlyForDeploymentPostprocessing = 0;
		};
		7DAA63B6212603EA00BA582F /* Sources */ = {
			isa = PBXSourcesBuildPhase;
			buildActionMask = 2147483647;
			files = (
				7DAA63BF212603EA00BA582F /* Github_ReposUITests.m in Sources */,
			);
			runOnlyForDeploymentPostprocessing = 0;
		};
/* End PBXSourcesBuildPhase section */

/* Begin PBXTargetDependency section */
		7DAA63B1212603EA00BA582F /* PBXTargetDependency */ = {
			isa = PBXTargetDependency;
			target = 7DAA6396212603E900BA582F /* Github Repos */;
			targetProxy = 7DAA63B0212603EA00BA582F /* PBXContainerItemProxy */;
		};
		7DAA63BC212603EA00BA582F /* PBXTargetDependency */ = {
			isa = PBXTargetDependency;
			target = 7DAA6396212603E900BA582F /* Github Repos */;
			targetProxy = 7DAA63BB212603EA00BA582F /* PBXContainerItemProxy */;
		};
/* End PBXTargetDependency section */

/* Begin PBXVariantGroup section */
		7DAA63A0212603EA00BA582F /* Main.storyboard */ = {
			isa = PBXVariantGroup;
			children = (
				7DAA63A1212603EA00BA582F /* Base */,
			);
			name = Main.storyboard;
			sourceTree = "<group>";
		};
		7DAA63A5212603EA00BA582F /* LaunchScreen.storyboard */ = {
			isa = PBXVariantGroup;
			children = (
				7DAA63A6212603EA00BA582F /* Base */,
			);
			name = LaunchScreen.storyboard;
			sourceTree = "<group>";
		};
/* End PBXVariantGroup section */

/* Begin XCBuildConfiguration section */
		7DAA63C1212603EA00BA582F /* Debug */ = {
			isa = XCBuildConfiguration;
			buildSettings = {
				ALWAYS_SEARCH_USER_PATHS = NO;
				CLANG_ANALYZER_NONNULL = YES;
				CLANG_ANALYZER_NUMBER_OBJECT_CONVERSION = YES_AGGRESSIVE;
				CLANG_CXX_LANGUAGE_STANDARD = "gnu++14";
				CLANG_CXX_LIBRARY = "libc++";
				CLANG_ENABLE_MODULES = YES;
				CLANG_ENABLE_OBJC_ARC = YES;
				CLANG_ENABLE_OBJC_WEAK = YES;
				CLANG_WARN_BLOCK_CAPTURE_AUTORELEASING = YES;
				CLANG_WARN_BOOL_CONVERSION = YES;
				CLANG_WARN_COMMA = YES;
				CLANG_WARN_CONSTANT_CONVERSION = YES;
				CLANG_WARN_DEPRECATED_OBJC_IMPLEMENTATIONS = YES;
				CLANG_WARN_DIRECT_OBJC_ISA_USAGE = YES_ERROR;
				CLANG_WARN_DOCUMENTATION_COMMENTS = YES;
				CLANG_WARN_EMPTY_BODY = YES;
				CLANG_WARN_ENUM_CONVERSION = YES;
				CLANG_WARN_INFINITE_RECURSION = YES;
				CLANG_WARN_INT_CONVERSION = YES;
				CLANG_WARN_NON_LITERAL_NULL_CONVERSION = YES;
				CLANG_WARN_OBJC_IMPLICIT_RETAIN_SELF = YES;
				CLANG_WARN_OBJC_LITERAL_CONVERSION = YES;
				CLANG_WARN_OBJC_ROOT_CLASS = YES_ERROR;
				CLANG_WARN_RANGE_LOOP_ANALYSIS = YES;
				CLANG_WARN_STRICT_PROTOTYPES = YES;
				CLANG_WARN_SUSPICIOUS_MOVE = YES;
				CLANG_WARN_UNGUARDED_AVAILABILITY = YES_AGGRESSIVE;
				CLANG_WARN_UNREACHABLE_CODE = YES;
				CLANG_WARN__DUPLICATE_METHOD_MATCH = YES;
				CODE_SIGN_IDENTITY = "iPhone Developer";
				COPY_PHASE_STRIP = NO;
				DEBUG_INFORMATION_FORMAT = dwarf;
				ENABLE_STRICT_OBJC_MSGSEND = YES;
				ENABLE_TESTABILITY = YES;
				GCC_C_LANGUAGE_STANDARD = gnu11;
				GCC_DYNAMIC_NO_PIC = NO;
				GCC_NO_COMMON_BLOCKS = YES;
				GCC_OPTIMIZATION_LEVEL = 0;
				GCC_PREPROCESSOR_DEFINITIONS = (
					"DEBUG=1",
					"$(inherited)",
				);
				GCC_WARN_64_TO_32_BIT_CONVERSION = YES;
				GCC_WARN_ABOUT_RETURN_TYPE = YES_ERROR;
				GCC_WARN_UNDECLARED_SELECTOR = YES;
				GCC_WARN_UNINITIALIZED_AUTOS = YES_AGGRESSIVE;
				GCC_WARN_UNUSED_FUNCTION = YES;
				GCC_WARN_UNUSED_VARIABLE = YES;
				IPHONEOS_DEPLOYMENT_TARGET = 11.4;
				MTL_ENABLE_DEBUG_INFO = YES;
				ONLY_ACTIVE_ARCH = YES;
				SDKROOT = iphoneos;
			};
			name = Debug;
		};
		7DAA63C2212603EA00BA582F /* Release */ = {
			isa = XCBuildConfiguration;
			buildSettings = {
				ALWAYS_SEARCH_USER_PATHS = NO;
				CLANG_ANALYZER_NONNULL = YES;
				CLANG_ANALYZER_NUMBER_OBJECT_CONVERSION = YES_AGGRESSIVE;
				CLANG_CXX_LANGUAGE_STANDARD = "gnu++14";
				CLANG_CXX_LIBRARY = "libc++";
				CLANG_ENABLE_MODULES = YES;
				CLANG_ENABLE_OBJC_ARC = YES;
				CLANG_ENABLE_OBJC_WEAK = YES;
				CLANG_WARN_BLOCK_CAPTURE_AUTORELEASING = YES;
				CLANG_WARN_BOOL_CONVERSION = YES;
				CLANG_WARN_COMMA = YES;
				CLANG_WARN_CONSTANT_CONVERSION = YES;
				CLANG_WARN_DEPRECATED_OBJC_IMPLEMENTATIONS = YES;
				CLANG_WARN_DIRECT_OBJC_ISA_USAGE = YES_ERROR;
				CLANG_WARN_DOCUMENTATION_COMMENTS = YES;
				CLANG_WARN_EMPTY_BODY = YES;
				CLANG_WARN_ENUM_CONVERSION = YES;
				CLANG_WARN_INFINITE_RECURSION = YES;
				CLANG_WARN_INT_CONVERSION = YES;
				CLANG_WARN_NON_LITERAL_NULL_CONVERSION = YES;
				CLANG_WARN_OBJC_IMPLICIT_RETAIN_SELF = YES;
				CLANG_WARN_OBJC_LITERAL_CONVERSION = YES;
				CLANG_WARN_OBJC_ROOT_CLASS = YES_ERROR;
				CLANG_WARN_RANGE_LOOP_ANALYSIS = YES;
				CLANG_WARN_STRICT_PROTOTYPES = YES;
				CLANG_WARN_SUSPICIOUS_MOVE = YES;
				CLANG_WARN_UNGUARDED_AVAILABILITY = YES_AGGRESSIVE;
				CLANG_WARN_UNREACHABLE_CODE = YES;
				CLANG_WARN__DUPLICATE_METHOD_MATCH = YES;
				CODE_SIGN_IDENTITY = "iPhone Developer";
				COPY_PHASE_STRIP = NO;
				DEBUG_INFORMATION_FORMAT = "dwarf-with-dsym";
				ENABLE_NS_ASSERTIONS = NO;
				ENABLE_STRICT_OBJC_MSGSEND = YES;
				GCC_C_LANGUAGE_STANDARD = gnu11;
				GCC_NO_COMMON_BLOCKS = YES;
				GCC_WARN_64_TO_32_BIT_CONVERSION = YES;
				GCC_WARN_ABOUT_RETURN_TYPE = YES_ERROR;
				GCC_WARN_UNDECLARED_SELECTOR = YES;
				GCC_WARN_UNINITIALIZED_AUTOS = YES_AGGRESSIVE;
				GCC_WARN_UNUSED_FUNCTION = YES;
				GCC_WARN_UNUSED_VARIABLE = YES;
				IPHONEOS_DEPLOYMENT_TARGET = 11.4;
				MTL_ENABLE_DEBUG_INFO = NO;
				SDKROOT = iphoneos;
				VALIDATE_PRODUCT = YES;
			};
			name = Release;
		};
		7DAA63C4212603EA00BA582F /* Debug */ = {
			isa = XCBuildConfiguration;
			buildSettings = {
				ASSETCATALOG_COMPILER_APPICON_NAME = AppIcon;
				CODE_SIGN_STYLE = Automatic;
				INFOPLIST_FILE = "Github Repos/Info.plist";
				LD_RUNPATH_SEARCH_PATHS = (
					"$(inherited)",
					"@executable_path/Frameworks",
				);
				PRODUCT_BUNDLE_IDENTIFIER = "Feeny-Corp.Github-Repos";
				PRODUCT_NAME = "$(TARGET_NAME)";
				TARGETED_DEVICE_FAMILY = "1,2";
			};
			name = Debug;
		};
		7DAA63C5212603EA00BA582F /* Release */ = {
			isa = XCBuildConfiguration;
			buildSettings = {
				ASSETCATALOG_COMPILER_APPICON_NAME = AppIcon;
				CODE_SIGN_STYLE = Automatic;
				INFOPLIST_FILE = "Github Repos/Info.plist";
				LD_RUNPATH_SEARCH_PATHS = (
					"$(inherited)",
					"@executable_path/Frameworks",
				);
				PRODUCT_BUNDLE_IDENTIFIER = "Feeny-Corp.Github-Repos";
				PRODUCT_NAME = "$(TARGET_NAME)";
				TARGETED_DEVICE_FAMILY = "1,2";
			};
			name = Release;
		};
		7DAA63C7212603EA00BA582F /* Debug */ = {
			isa = XCBuildConfiguration;
			buildSettings = {
				BUNDLE_LOADER = "$(TEST_HOST)";
				CODE_SIGN_STYLE = Automatic;
				INFOPLIST_FILE = "Github ReposTests/Info.plist";
				LD_RUNPATH_SEARCH_PATHS = (
					"$(inherited)",
					"@executable_path/Frameworks",
					"@loader_path/Frameworks",
				);
				PRODUCT_BUNDLE_IDENTIFIER = "Feeny-Corp.Github-ReposTests";
				PRODUCT_NAME = "$(TARGET_NAME)";
				TARGETED_DEVICE_FAMILY = "1,2";
				TEST_HOST = "$(BUILT_PRODUCTS_DIR)/Github Repos.app/Github Repos";
			};
			name = Debug;
		};
		7DAA63C8212603EA00BA582F /* Release */ = {
			isa = XCBuildConfiguration;
			buildSettings = {
				BUNDLE_LOADER = "$(TEST_HOST)";
				CODE_SIGN_STYLE = Automatic;
				INFOPLIST_FILE = "Github ReposTests/Info.plist";
				LD_RUNPATH_SEARCH_PATHS = (
					"$(inherited)",
					"@executable_path/Frameworks",
					"@loader_path/Frameworks",
				);
				PRODUCT_BUNDLE_IDENTIFIER = "Feeny-Corp.Github-ReposTests";
				PRODUCT_NAME = "$(TARGET_NAME)";
				TARGETED_DEVICE_FAMILY = "1,2";
				TEST_HOST = "$(BUILT_PRODUCTS_DIR)/Github Repos.app/Github Repos";
			};
			name = Release;
		};
		7DAA63CA212603EA00BA582F /* Debug */ = {
			isa = XCBuildConfiguration;
			buildSettings = {
				CODE_SIGN_STYLE = Automatic;
				INFOPLIST_FILE = "Github ReposUITests/Info.plist";
				LD_RUNPATH_SEARCH_PATHS = (
					"$(inherited)",
					"@executable_path/Frameworks",
					"@loader_path/Frameworks",
				);
				PRODUCT_BUNDLE_IDENTIFIER = "Feeny-Corp.Github-ReposUITests";
				PRODUCT_NAME = "$(TARGET_NAME)";
				TARGETED_DEVICE_FAMILY = "1,2";
				TEST_TARGET_NAME = "Github Repos";
			};
			name = Debug;
		};
		7DAA63CB212603EA00BA582F /* Release */ = {
			isa = XCBuildConfiguration;
			buildSettings = {
				CODE_SIGN_STYLE = Automatic;
				INFOPLIST_FILE = "Github ReposUITests/Info.plist";
				LD_RUNPATH_SEARCH_PATHS = (
					"$(inherited)",
					"@executable_path/Frameworks",
					"@loader_path/Frameworks",
				);
				PRODUCT_BUNDLE_IDENTIFIER = "Feeny-Corp.Github-ReposUITests";
				PRODUCT_NAME = "$(TARGET_NAME)";
				TARGETED_DEVICE_FAMILY = "1,2";
				TEST_TARGET_NAME = "Github Repos";
			};
			name = Release;
		};
/* End XCBuildConfiguration section */

/* Begin XCConfigurationList section */
		7DAA6392212603E900BA582F /* Build configuration list for PBXProject "Github Repos" */ = {
			isa = XCConfigurationList;
			buildConfigurations = (
				7DAA63C1212603EA00BA582F /* Debug */,
				7DAA63C2212603EA00BA582F /* Release */,
			);
			defaultConfigurationIsVisible = 0;
			defaultConfigurationName = Release;
		};
		7DAA63C3212603EA00BA582F /* Build configuration list for PBXNativeTarget "Github Repos" */ = {
			isa = XCConfigurationList;
			buildConfigurations = (
				7DAA63C4212603EA00BA582F /* Debug */,
				7DAA63C5212603EA00BA582F /* Release */,
			);
			defaultConfigurationIsVisible = 0;
			defaultConfigurationName = Release;
		};
		7DAA63C6212603EA00BA582F /* Build configuration list for PBXNativeTarget "Github ReposTests" */ = {
			isa = XCConfigurationList;
			buildConfigurations = (
				7DAA63C7212603EA00BA582F /* Debug */,
				7DAA63C8212603EA00BA582F /* Release */,
			);
			defaultConfigurationIsVisible = 0;
			defaultConfigurationName = Release;
		};
		7DAA63C9212603EA00BA582F /* Build configuration list for PBXNativeTarget "Github ReposUITests" */ = {
			isa = XCConfigurationList;
			buildConfigurations = (
				7DAA63CA212603EA00BA582F /* Debug */,
				7DAA63CB212603EA00BA582F /* Release */,
			);
			defaultConfigurationIsVisible = 0;
			defaultConfigurationName = Release;
		};
/* End XCConfigurationList section */
	};
	rootObject = 7DAA638F212603E900BA582F /* Project object */;
}
